
Microsoft Visual Studio Solution File, Format Version 12.00
# Visual Studio Version 17
VisualStudioVersion = 17.0.31903.59
MinimumVisualStudioVersion = 10.0.40219.1
Project("{9A19103F-16F7-4668-BE54-9A1E7A4F7556}") = "HttpShare.Windows", "HttpShare.Windows\HttpShare.Windows.csproj", "{7E619FC2-2EF5-4D7D-A7D9-C79084480AB6}"
EndProject
Project("{9A19103F-16F7-4668-BE54-9A1E7A4F7556}") = "HttpShare", "HttpShare\HttpShare.csproj", "{3EE6C625-42F8-4109-A97B-14DA225D721F}"
EndProject
Global
	GlobalSection(SolutionConfigurationPlatforms) = preSolution
		Debug|Any CPU = Debug|Any CPU
		Release|Any CPU = Release|Any CPU
	EndGlobalSection
	GlobalSection(ProjectConfigurationPlatforms) = postSolution
		{7E619FC2-2EF5-4D7D-A7D9-C79084480AB6}.Debug|Any CPU.ActiveCfg = Debug|Any CPU
		{7E619FC2-2EF5-4D7D-A7D9-C79084480AB6}.Debug|Any CPU.Build.0 = Debug|Any CPU
		{7E619FC2-2EF5-4D7D-A7D9-C79084480AB6}.Release|Any CPU.ActiveCfg = Release|Any CPU
		{7E619FC2-2EF5-4D7D-A7D9-C79084480AB6}.Release|Any CPU.Build.0 = Release|Any CPU
		{3EE6C625-42F8-4109-A97B-14DA225D721F}.Debug|Any CPU.ActiveCfg = Debug|Any CPU
		{3EE6C625-42F8-4109-A97B-14DA225D721F}.Debug|Any CPU.Build.0 = Debug|Any CPU
		{3EE6C625-42F8-4109-A97B-14DA225D721F}.Release|Any CPU.ActiveCfg = Release|Any CPU
		{3EE6C625-42F8-4109-A97B-14DA225D721F}.Release|Any CPU.Build.0 = Release|Any CPU
	EndGlobalSection
	GlobalSection(SolutionProperties) = preSolution
		HideSolutionNode = FALSE
	EndGlobalSection
	GlobalSection(ExtensibilityGlobals) = postSolution
		SolutionGuid = {A18B315C-BB05-4E07-BC9F-92B303854D92}
	EndGlobalSection
EndGlobal
